
Microsoft Visual Studio Solution File, Format Version 12.00
# Visual Studio Version 17
VisualStudioVersion = 17.9.34723.18
MinimumVisualStudioVersion = 10.0.40219.1
Project("{FAE04EC0-301F-11D3-BF4B-00C04F79EFBC}") = "DayByDay", "DayByDay.csproj", "{BA025061-9201-49BD-B61F-1F1AC2D2D422}"
EndProject
Global
	GlobalSection(SolutionConfigurationPlatforms) = preSolution
		Debug|Any CPU = Debug|Any CPU
		Release|Any CPU = Release|Any CPU
	EndGlobalSection
	GlobalSection(ProjectConfigurationPlatforms) = postSolution
		{BA025061-9201-49BD-B61F-1F1AC2D2D422}.Debug|Any CPU.ActiveCfg = Debug|Any CPU
		{BA025061-9201-49BD-B61F-1F1AC2D2D422}.Debug|Any CPU.Build.0 = Debug|Any CPU
		{BA025061-9201-49BD-B61F-1F1AC2D2D422}.Release|Any CPU.ActiveCfg = Release|Any CPU
		{BA025061-9201-49BD-B61F-1F1AC2D2D422}.Release|Any CPU.Build.0 = Release|Any CPU
	EndGlobalSection
	GlobalSection(SolutionProperties) = preSolution
		HideSolutionNode = FALSE
	EndGlobalSection
	GlobalSection(ExtensibilityGlobals) = postSolution
		SolutionGuid = {CAF5E39C-6F5C-4F64-AD11-D2CE17945BD8}
	EndGlobalSection
EndGlobal
